
Microsoft Visual Studio Solution File, Format Version 12.00
# Visual Studio Version 16
VisualStudioVersion = 16.0.30804.86
MinimumVisualStudioVersion = 10.0.40219.1
Project("{FAE04EC0-301F-11D3-BF4B-00C04F79EFBC}") = "FinalProject", "FinalProject\FinalProject.csproj", "{17040E3B-478A-44D8-8205-C8576A2B3582}"
EndProject
Project("{FAE04EC0-301F-11D3-BF4B-00C04F79EFBC}") = "DataService", "DataService\DataService.csproj", "{338B0376-0D7C-4822-9955-6177C1863D01}"
EndProject
Project("{FAE04EC0-301F-11D3-BF4B-00C04F79EFBC}") = "BusinessService", "BusinessService\BusinessService.csproj", "{CF6FB213-29C8-4EB2-8501-D8DD87B1646F}"
EndProject
Global
	GlobalSection(SolutionConfigurationPlatforms) = preSolution
		Debug|Any CPU = Debug|Any CPU
		Release|Any CPU = Release|Any CPU
	EndGlobalSection
	GlobalSection(ProjectConfigurationPlatforms) = postSolution
		{17040E3B-478A-44D8-8205-C8576A2B3582}.Debug|Any CPU.ActiveCfg = Debug|Any CPU
		{17040E3B-478A-44D8-8205-C8576A2B3582}.Debug|Any CPU.Build.0 = Debug|Any CPU
		{17040E3B-478A-44D8-8205-C8576A2B3582}.Release|Any CPU.ActiveCfg = Release|Any CPU
		{17040E3B-478A-44D8-8205-C8576A2B3582}.Release|Any CPU.Build.0 = Release|Any CPU
		{338B0376-0D7C-4822-9955-6177C1863D01}.Debug|Any CPU.ActiveCfg = Debug|Any CPU
		{338B0376-0D7C-4822-9955-6177C1863D01}.Debug|Any CPU.Build.0 = Debug|Any CPU
		{338B0376-0D7C-4822-9955-6177C1863D01}.Release|Any CPU.ActiveCfg = Release|Any CPU
		{338B0376-0D7C-4822-9955-6177C1863D01}.Release|Any CPU.Build.0 = Release|Any CPU
		{CF6FB213-29C8-4EB2-8501-D8DD87B1646F}.Debug|Any CPU.ActiveCfg = Debug|Any CPU
		{CF6FB213-29C8-4EB2-8501-D8DD87B1646F}.Debug|Any CPU.Build.0 = Debug|Any CPU
		{CF6FB213-29C8-4EB2-8501-D8DD87B1646F}.Release|Any CPU.ActiveCfg = Release|Any CPU
		{CF6FB213-29C8-4EB2-8501-D8DD87B1646F}.Release|Any CPU.Build.0 = Release|Any CPU
	EndGlobalSection
	GlobalSection(SolutionProperties) = preSolution
		HideSolutionNode = FALSE
	EndGlobalSection
	GlobalSection(ExtensibilityGlobals) = postSolution
		SolutionGuid = {6EBF9F4D-406D-4F4C-A3F5-1FFA0B337E39}
	EndGlobalSection
EndGlobal
